
Microsoft Visual Studio Solution File, Format Version 12.00
# Visual Studio 15
VisualStudioVersion = 15.0.28010.2041
MinimumVisualStudioVersion = 10.0.40219.1
Project("{FAE04EC0-301F-11D3-BF4B-00C04F79EFBC}") = "SpeedGame.Data", "SpeedGame.Data\SpeedGame.Data.csproj", "{E2BAA5A7-4F64-48B0-91EF-AA6302EF8310}"
EndProject
Project("{FAE04EC0-301F-11D3-BF4B-00C04F79EFBC}") = "SpeedGame.Gui", "SpeedGame.Gui\SpeedGame.Gui.csproj", "{CD32CF2F-6FDD-4ECE-8DF7-F31296C11042}"
EndProject
Global
	GlobalSection(SolutionConfigurationPlatforms) = preSolution
		Debug|Any CPU = Debug|Any CPU
		Release|Any CPU = Release|Any CPU
	EndGlobalSection
	GlobalSection(ProjectConfigurationPlatforms) = postSolution
		{E2BAA5A7-4F64-48B0-91EF-AA6302EF8310}.Debug|Any CPU.ActiveCfg = Debug|Any CPU
		{E2BAA5A7-4F64-48B0-91EF-AA6302EF8310}.Debug|Any CPU.Build.0 = Debug|Any CPU
		{E2BAA5A7-4F64-48B0-91EF-AA6302EF8310}.Release|Any CPU.ActiveCfg = Release|Any CPU
		{E2BAA5A7-4F64-48B0-91EF-AA6302EF8310}.Release|Any CPU.Build.0 = Release|Any CPU
		{CD32CF2F-6FDD-4ECE-8DF7-F31296C11042}.Debug|Any CPU.ActiveCfg = Debug|Any CPU
		{CD32CF2F-6FDD-4ECE-8DF7-F31296C11042}.Debug|Any CPU.Build.0 = Debug|Any CPU
		{CD32CF2F-6FDD-4ECE-8DF7-F31296C11042}.Release|Any CPU.ActiveCfg = Release|Any CPU
		{CD32CF2F-6FDD-4ECE-8DF7-F31296C11042}.Release|Any CPU.Build.0 = Release|Any CPU
	EndGlobalSection
	GlobalSection(SolutionProperties) = preSolution
		HideSolutionNode = FALSE
	EndGlobalSection
	GlobalSection(ExtensibilityGlobals) = postSolution
		SolutionGuid = {824A0F91-456A-48CD-8282-FB5B4383FB40}
	EndGlobalSection
EndGlobal
